{
  "express": {
    "4.18.2": {
      "path": "\\node_modules\\express",
      "cache": "\\express\\4.18.2"
    }
  },
  "aws-sdk": {
    "2.1244.0": {
      "path": "\\node_modules\\aws-sdk",
      "cache": "\\aws-sdk\\2.1244.0"
    }
  },
  "body-parser": {
    "1.20.1": {
      "path": "\\node_modules\\body-parser",
      "cache": "\\body-parser\\1.20.1"
    }
  },
  "mongoose": {
    "6.7.0": {
      "path": "\\node_modules\\mongoose",
      "cache": "\\mongoose\\6.7.0"
    }
  },
  "nodemon": {
    "2.0.20": {
      "path": "\\node_modules\\nodemon",
      "cache": "\\nodemon\\2.0.20"
    }
  },
  "accepts": {
    "1.3.8": {
      "path": "\\node_modules\\accepts",
      "cache": "\\accepts\\1.3.8"
    }
  },
  "buffer": {
    "4.9.2": {
      "path": "\\node_modules\\buffer",
      "cache": "\\buffer\\4.9.2"
    },
    "5.7.1": {
      "path": "\\node_modules\\bson\\node_modules\\buffer",
      "cache": "\\buffer\\5.7.1"
    }
  },
  "bytes": {
    "3.1.2": {
      "path": "\\node_modules\\bytes",
      "cache": "\\bytes\\3.1.2"
    }
  },
  "bson": {
    "4.7.0": {
      "path": "\\node_modules\\bson",
      "cache": "\\bson\\4.7.0"
    }
  },
  "negotiator": {
    "0.6.3": {
      "path": "\\node_modules\\negotiator",
      "cache": "\\negotiator\\0.6.3"
    }
  },
  "base64-js": {
    "1.5.1": {
      "path": "\\node_modules\\base64-js",
      "cache": "\\base64-js\\1.5.1"
    }
  },
  "content-type": {
    "1.0.4": {
      "path": "\\node_modules\\content-type",
      "cache": "\\content-type\\1.0.4"
    }
  },
  "mime-types": {
    "2.1.35": {
      "path": "\\node_modules\\mime-types",
      "cache": "\\mime-types\\2.1.35"
    }
  },
  "ieee754": {
    "1.1.13": {
      "path": "\\node_modules\\ieee754",
      "cache": "\\ieee754\\1.1.13"
    },
    "1.2.1": {
      "path": "\\node_modules\\bson\\node_modules\\ieee754",
      "cache": "\\ieee754\\1.2.1"
    }
  },
  "debug": {
    "2.6.9": {
      "path": "\\node_modules\\debug",
      "cache": "\\debug\\2.6.9"
    },
    "4.3.4": {
      "path": "\\node_modules\\mquery\\node_modules\\debug",
      "cache": "\\debug\\4.3.4"
    },
    "3.2.7": {
      "path": "\\node_modules\\nodemon\\node_modules\\debug",
      "cache": "\\debug\\3.2.7"
    }
  },
  "mime-db": {
    "1.52.0": {
      "path": "\\node_modules\\mime-db",
      "cache": "\\mime-db\\1.52.0"
    }
  },
  "isarray": {
    "1.0.0": {
      "path": "\\node_modules\\isarray",
      "cache": "\\isarray\\1.0.0"
    }
  },
  "ms": {
    "2.0.0": {
      "path": "\\node_modules\\ms",
      "cache": "\\ms\\2.0.0"
    },
    "2.1.3": {
      "path": "\\node_modules\\mongoose\\node_modules\\ms",
      "cache": "\\ms\\2.1.3"
    },
    "2.1.2": {
      "path": "\\node_modules\\nodemon\\node_modules\\ms",
      "cache": "\\ms\\2.1.2"
    }
  },
  "kareem": {
    "2.4.1": {
      "path": "\\node_modules\\kareem",
      "cache": "\\kareem\\2.4.1"
    }
  },
  "array-flatten": {
    "1.1.1": {
      "path": "\\node_modules\\array-flatten",
      "cache": "\\array-flatten\\1.1.1"
    }
  },
  "events": {
    "1.1.1": {
      "path": "\\node_modules\\events",
      "cache": "\\events\\1.1.1"
    }
  },
  "depd": {
    "2.0.0": {
      "path": "\\node_modules\\depd",
      "cache": "\\depd\\2.0.0"
    }
  },
  "mongodb": {
    "4.11.0": {
      "path": "\\node_modules\\mongodb",
      "cache": "\\mongodb\\4.11.0"
    }
  },
  "destroy": {
    "1.2.0": {
      "path": "\\node_modules\\destroy",
      "cache": "\\destroy\\1.2.0"
    }
  },
  "denque": {
    "2.1.0": {
      "path": "\\node_modules\\denque",
      "cache": "\\denque\\2.1.0"
    }
  },
  "content-disposition": {
    "0.5.4": {
      "path": "\\node_modules\\content-disposition",
      "cache": "\\content-disposition\\0.5.4"
    }
  },
  "jmespath": {
    "0.16.0": {
      "path": "\\node_modules\\jmespath",
      "cache": "\\jmespath\\0.16.0"
    }
  },
  "safe-buffer": {
    "5.2.1": {
      "path": "\\node_modules\\safe-buffer",
      "cache": "\\safe-buffer\\5.2.1"
    }
  },
  "http-errors": {
    "2.0.0": {
      "path": "\\node_modules\\http-errors",
      "cache": "\\http-errors\\2.0.0"
    }
  },
  "mongodb-connection-string-url": {
    "2.5.4": {
      "path": "\\node_modules\\mongodb-connection-string-url",
      "cache": "\\mongodb-connection-string-url\\2.5.4"
    }
  },
  "querystring": {
    "0.2.0": {
      "path": "\\node_modules\\querystring",
      "cache": "\\querystring\\0.2.0"
    }
  },
  "inherits": {
    "2.0.4": {
      "path": "\\node_modules\\inherits",
      "cache": "\\inherits\\2.0.4"
    }
  },
  "@types/whatwg-url": {
    "8.2.2": {
      "path": "\\node_modules\\@types\\whatwg-url",
      "cache": "\\@types\\whatwg-url\\8.2.2"
    }
  },
  "sax": {
    "1.2.1": {
      "path": "\\node_modules\\sax",
      "cache": "\\sax\\1.2.1"
    }
  },
  "cookie": {
    "0.5.0": {
      "path": "\\node_modules\\cookie",
      "cache": "\\cookie\\0.5.0"
    }
  },
  "setprototypeof": {
    "1.2.0": {
      "path": "\\node_modules\\setprototypeof",
      "cache": "\\setprototypeof\\1.2.0"
    }
  },
  "url": {
    "0.10.3": {
      "path": "\\node_modules\\url",
      "cache": "\\url\\0.10.3"
    }
  },
  "whatwg-url": {
    "11.0.0": {
      "path": "\\node_modules\\whatwg-url",
      "cache": "\\whatwg-url\\11.0.0"
    }
  },
  "cookie-signature": {
    "1.0.6": {
      "path": "\\node_modules\\cookie-signature",
      "cache": "\\cookie-signature\\1.0.6"
    }
  },
  "statuses": {
    "2.0.1": {
      "path": "\\node_modules\\statuses",
      "cache": "\\statuses\\2.0.1"
    }
  },
  "punycode": {
    "1.3.2": {
      "path": "\\node_modules\\punycode",
      "cache": "\\punycode\\1.3.2"
    },
    "2.1.1": {
      "path": "\\node_modules\\tr46\\node_modules\\punycode",
      "cache": "\\punycode\\2.1.1"
    }
  },
  "tr46": {
    "3.0.0": {
      "path": "\\node_modules\\tr46",
      "cache": "\\tr46\\3.0.0"
    }
  },
  "toidentifier": {
    "1.0.1": {
      "path": "\\node_modules\\toidentifier",
      "cache": "\\toidentifier\\1.0.1"
    }
  },
  "encodeurl": {
    "1.0.2": {
      "path": "\\node_modules\\encodeurl",
      "cache": "\\encodeurl\\1.0.2"
    }
  },
  "util": {
    "0.12.5": {
      "path": "\\node_modules\\util",
      "cache": "\\util\\0.12.5"
    }
  },
  "webidl-conversions": {
    "7.0.0": {
      "path": "\\node_modules\\webidl-conversions",
      "cache": "\\webidl-conversions\\7.0.0"
    }
  },
  "escape-html": {
    "1.0.3": {
      "path": "\\node_modules\\escape-html",
      "cache": "\\escape-html\\1.0.3"
    }
  },
  "is-arguments": {
    "1.1.1": {
      "path": "\\node_modules\\is-arguments",
      "cache": "\\is-arguments\\1.1.1"
    }
  },
  "iconv-lite": {
    "0.4.24": {
      "path": "\\node_modules\\iconv-lite",
      "cache": "\\iconv-lite\\0.4.24"
    }
  },
  "call-bind": {
    "1.0.2": {
      "path": "\\node_modules\\call-bind",
      "cache": "\\call-bind\\1.0.2"
    }
  },
  "safer-buffer": {
    "2.1.2": {
      "path": "\\node_modules\\safer-buffer",
      "cache": "\\safer-buffer\\2.1.2"
    }
  },
  "etag": {
    "1.8.1": {
      "path": "\\node_modules\\etag",
      "cache": "\\etag\\1.8.1"
    }
  },
  "function-bind": {
    "1.1.1": {
      "path": "\\node_modules\\function-bind",
      "cache": "\\function-bind\\1.1.1"
    }
  },
  "socks": {
    "2.7.1": {
      "path": "\\node_modules\\socks",
      "cache": "\\socks\\2.7.1"
    }
  },
  "finalhandler": {
    "1.2.0": {
      "path": "\\node_modules\\finalhandler",
      "cache": "\\finalhandler\\1.2.0"
    }
  },
  "on-finished": {
    "2.4.1": {
      "path": "\\node_modules\\on-finished",
      "cache": "\\on-finished\\2.4.1"
    }
  },
  "ip": {
    "2.0.0": {
      "path": "\\node_modules\\ip",
      "cache": "\\ip\\2.0.0"
    }
  },
  "get-intrinsic": {
    "1.1.3": {
      "path": "\\node_modules\\get-intrinsic",
      "cache": "\\get-intrinsic\\1.1.3"
    }
  },
  "parseurl": {
    "1.3.3": {
      "path": "\\node_modules\\parseurl",
      "cache": "\\parseurl\\1.3.3"
    }
  },
  "ee-first": {
    "1.1.1": {
      "path": "\\node_modules\\ee-first",
      "cache": "\\ee-first\\1.1.1"
    }
  },
  "has": {
    "1.0.3": {
      "path": "\\node_modules\\has",
      "cache": "\\has\\1.0.3"
    }
  },
  "smart-buffer": {
    "4.2.0": {
      "path": "\\node_modules\\smart-buffer",
      "cache": "\\smart-buffer\\4.2.0"
    }
  },
  "qs": {
    "6.11.0": {
      "path": "\\node_modules\\qs",
      "cache": "\\qs\\6.11.0"
    }
  },
  "has-symbols": {
    "1.0.3": {
      "path": "\\node_modules\\has-symbols",
      "cache": "\\has-symbols\\1.0.3"
    }
  },
  "@aws-sdk/credential-providers": {
    "3.197.0": {
      "path": "\\node_modules\\@aws-sdk\\credential-providers",
      "cache": "\\@aws-sdk\\credential-providers\\3.197.0"
    }
  },
  "side-channel": {
    "1.0.4": {
      "path": "\\node_modules\\side-channel",
      "cache": "\\side-channel\\1.0.4"
    }
  },
  "@aws-sdk/client-cognito-identity": {
    "3.197.0": {
      "path": "\\node_modules\\@aws-sdk\\client-cognito-identity",
      "cache": "\\@aws-sdk\\client-cognito-identity\\3.197.0"
    }
  },
  "unpipe": {
    "1.0.0": {
      "path": "\\node_modules\\unpipe",
      "cache": "\\unpipe\\1.0.0"
    }
  },
  "@aws-sdk/fetch-http-handler": {
    "3.197.0": {
      "path": "\\node_modules\\@aws-sdk\\fetch-http-handler",
      "cache": "\\@aws-sdk\\fetch-http-handler\\3.197.0"
    }
  },
  "object-inspect": {
    "1.12.2": {
      "path": "\\node_modules\\object-inspect",
      "cache": "\\object-inspect\\1.12.2"
    }
  },
  "has-tostringtag": {
    "1.0.0": {
      "path": "\\node_modules\\has-tostringtag",
      "cache": "\\has-tostringtag\\1.0.0"
    }
  },
  "@aws-sdk/protocol-http": {
    "3.197.0": {
      "path": "\\node_modules\\@aws-sdk\\protocol-http",
      "cache": "\\@aws-sdk\\protocol-http\\3.197.0"
    }
  },
  "fresh": {
    "0.5.2": {
      "path": "\\node_modules\\fresh",
      "cache": "\\fresh\\0.5.2"
    }
  },
  "@aws-sdk/types": {
    "3.197.0": {
      "path": "\\node_modules\\@aws-sdk\\types",
      "cache": "\\@aws-sdk\\types\\3.197.0"
    }
  },
  "raw-body": {
    "2.5.1": {
      "path": "\\node_modules\\raw-body",
      "cache": "\\raw-body\\2.5.1"
    }
  },
  "merge-descriptors": {
    "1.0.1": {
      "path": "\\node_modules\\merge-descriptors",
      "cache": "\\merge-descriptors\\1.0.1"
    }
  },
  "is-typed-array": {
    "1.1.9": {
      "path": "\\node_modules\\is-typed-array",
      "cache": "\\is-typed-array\\1.1.9"
    }
  },
  "tslib": {
    "2.4.0": {
      "path": "\\node_modules\\tslib",
      "cache": "\\tslib\\2.4.0"
    },
    "1.14.1": {
      "path": "\\node_modules\\@aws-sdk\\client-sso\\node_modules\\tslib",
      "cache": "\\tslib\\1.14.1"
    }
  },
  "for-each": {
    "0.3.3": {
      "path": "\\node_modules\\for-each",
      "cache": "\\for-each\\0.3.3"
    }
  },
  "methods": {
    "1.1.2": {
      "path": "\\node_modules\\methods",
      "cache": "\\methods\\1.1.2"
    }
  },
  "is-callable": {
    "1.2.7": {
      "path": "\\node_modules\\is-callable",
      "cache": "\\is-callable\\1.2.7"
    }
  },
  "@aws-sdk/querystring-builder": {
    "3.197.0": {
      "path": "\\node_modules\\@aws-sdk\\querystring-builder",
      "cache": "\\@aws-sdk\\querystring-builder\\3.197.0"
    }
  },
  "type-is": {
    "1.6.18": {
      "path": "\\node_modules\\type-is",
      "cache": "\\type-is\\1.6.18"
    }
  },
  "@aws-sdk/util-uri-escape": {
    "3.188.0": {
      "path": "\\node_modules\\@aws-sdk\\util-uri-escape",
      "cache": "\\@aws-sdk\\util-uri-escape\\3.188.0"
    }
  },
  "path-to-regexp": {
    "0.1.7": {
      "path": "\\node_modules\\path-to-regexp",
      "cache": "\\path-to-regexp\\0.1.7"
    }
  },
  "available-typed-arrays": {
    "1.0.5": {
      "path": "\\node_modules\\available-typed-arrays",
      "cache": "\\available-typed-arrays\\1.0.5"
    }
  },
  "media-typer": {
    "0.3.0": {
      "path": "\\node_modules\\media-typer",
      "cache": "\\media-typer\\0.3.0"
    }
  },
  "proxy-addr": {
    "2.0.7": {
      "path": "\\node_modules\\proxy-addr",
      "cache": "\\proxy-addr\\2.0.7"
    }
  },
  "es-abstract": {
    "1.20.4": {
      "path": "\\node_modules\\es-abstract",
      "cache": "\\es-abstract\\1.20.4"
    }
  },
  "forwarded": {
    "0.2.0": {
      "path": "\\node_modules\\forwarded",
      "cache": "\\forwarded\\0.2.0"
    }
  },
  "es-to-primitive": {
    "1.2.1": {
      "path": "\\node_modules\\es-to-primitive",
      "cache": "\\es-to-primitive\\1.2.1"
    }
  },
  "@aws-sdk/util-base64-browser": {
    "3.188.0": {
      "path": "\\node_modules\\@aws-sdk\\util-base64-browser",
      "cache": "\\@aws-sdk\\util-base64-browser\\3.188.0"
    }
  },
  "ipaddr.js": {
    "1.9.1": {
      "path": "\\node_modules\\ipaddr.js",
      "cache": "\\ipaddr.js\\1.9.1"
    }
  },
  "is-date-object": {
    "1.0.5": {
      "path": "\\node_modules\\is-date-object",
      "cache": "\\is-date-object\\1.0.5"
    }
  },
  "is-symbol": {
    "1.0.4": {
      "path": "\\node_modules\\is-symbol",
      "cache": "\\is-symbol\\1.0.4"
    }
  },
  "@aws-sdk/hash-node": {
    "3.197.0": {
      "path": "\\node_modules\\@aws-sdk\\hash-node",
      "cache": "\\@aws-sdk\\hash-node\\3.197.0"
    }
  },
  "range-parser": {
    "1.2.1": {
      "path": "\\node_modules\\range-parser",
      "cache": "\\range-parser\\1.2.1"
    }
  },
  "@aws-sdk/util-buffer-from": {
    "3.188.0": {
      "path": "\\node_modules\\@aws-sdk\\util-buffer-from",
      "cache": "\\@aws-sdk\\util-buffer-from\\3.188.0"
    }
  },
  "@aws-sdk/is-array-buffer": {
    "3.188.0": {
      "path": "\\node_modules\\@aws-sdk\\is-array-buffer",
      "cache": "\\@aws-sdk\\is-array-buffer\\3.188.0"
    }
  },
  "send": {
    "0.18.0": {
      "path": "\\node_modules\\send",
      "cache": "\\send\\0.18.0"
    }
  },
  "function.prototype.name": {
    "1.1.5": {
      "path": "\\node_modules\\function.prototype.name",
      "cache": "\\function.prototype.name\\1.1.5"
    }
  },
  "mime": {
    "1.6.0": {
      "path": "\\node_modules\\mime",
      "cache": "\\mime\\1.6.0"
    }
  },
  "define-properties": {
    "1.1.4": {
      "path": "\\node_modules\\define-properties",
      "cache": "\\define-properties\\1.1.4"
    }
  },
  "has-property-descriptors": {
    "1.0.0": {
      "path": "\\node_modules\\has-property-descriptors",
      "cache": "\\has-property-descriptors\\1.0.0"
    }
  },
  "@aws-sdk/middleware-retry": {
    "3.197.0": {
      "path": "\\node_modules\\@aws-sdk\\middleware-retry",
      "cache": "\\@aws-sdk\\middleware-retry\\3.197.0"
    }
  },
  "object-keys": {
    "1.1.1": {
      "path": "\\node_modules\\object-keys",
      "cache": "\\object-keys\\1.1.1"
    }
  },
  "@aws-sdk/service-error-classification": {
    "3.197.0": {
      "path": "\\node_modules\\@aws-sdk\\service-error-classification",
      "cache": "\\@aws-sdk\\service-error-classification\\3.197.0"
    }
  },
  "@aws-sdk/util-middleware": {
    "3.197.0": {
      "path": "\\node_modules\\@aws-sdk\\util-middleware",
      "cache": "\\@aws-sdk\\util-middleware\\3.197.0"
    }
  },
  "functions-have-names": {
    "1.2.3": {
      "path": "\\node_modules\\functions-have-names",
      "cache": "\\functions-have-names\\1.2.3"
    }
  },
  "get-symbol-description": {
    "1.0.0": {
      "path": "\\node_modules\\get-symbol-description",
      "cache": "\\get-symbol-description\\1.0.0"
    }
  },
  "uuid": {
    "8.3.2": {
      "path": "\\node_modules\\uuid",
      "cache": "\\uuid\\8.3.2"
    },
    "8.0.0": {
      "path": "\\node_modules\\aws-sdk\\node_modules\\uuid",
      "cache": "\\uuid\\8.0.0"
    }
  },
  "internal-slot": {
    "1.0.3": {
      "path": "\\node_modules\\internal-slot",
      "cache": "\\internal-slot\\1.0.3"
    }
  },
  "is-negative-zero": {
    "2.0.2": {
      "path": "\\node_modules\\is-negative-zero",
      "cache": "\\is-negative-zero\\2.0.2"
    }
  },
  "is-regex": {
    "1.1.4": {
      "path": "\\node_modules\\is-regex",
      "cache": "\\is-regex\\1.1.4"
    }
  },
  "is-shared-array-buffer": {
    "1.0.2": {
      "path": "\\node_modules\\is-shared-array-buffer",
      "cache": "\\is-shared-array-buffer\\1.0.2"
    }
  },
  "is-weakref": {
    "1.0.2": {
      "path": "\\node_modules\\is-weakref",
      "cache": "\\is-weakref\\1.0.2"
    }
  },
  "object.assign": {
    "4.1.4": {
      "path": "\\node_modules\\object.assign",
      "cache": "\\object.assign\\4.1.4"
    }
  },
  "regexp.prototype.flags": {
    "1.4.3": {
      "path": "\\node_modules\\regexp.prototype.flags",
      "cache": "\\regexp.prototype.flags\\1.4.3"
    }
  },
  "safe-regex-test": {
    "1.0.0": {
      "path": "\\node_modules\\safe-regex-test",
      "cache": "\\safe-regex-test\\1.0.0"
    }
  },
  "string.prototype.trimend": {
    "1.0.5": {
      "path": "\\node_modules\\string.prototype.trimend",
      "cache": "\\string.prototype.trimend\\1.0.5"
    }
  },
  "string.prototype.trimstart": {
    "1.0.5": {
      "path": "\\node_modules\\string.prototype.trimstart",
      "cache": "\\string.prototype.trimstart\\1.0.5"
    }
  },
  "unbox-primitive": {
    "1.0.2": {
      "path": "\\node_modules\\unbox-primitive",
      "cache": "\\unbox-primitive\\1.0.2"
    }
  },
  "has-bigints": {
    "1.0.2": {
      "path": "\\node_modules\\has-bigints",
      "cache": "\\has-bigints\\1.0.2"
    }
  },
  "which-boxed-primitive": {
    "1.0.2": {
      "path": "\\node_modules\\which-boxed-primitive",
      "cache": "\\which-boxed-primitive\\1.0.2"
    }
  },
  "is-bigint": {
    "1.0.4": {
      "path": "\\node_modules\\is-bigint",
      "cache": "\\is-bigint\\1.0.4"
    }
  },
  "is-boolean-object": {
    "1.1.2": {
      "path": "\\node_modules\\is-boolean-object",
      "cache": "\\is-boolean-object\\1.1.2"
    }
  },
  "is-number-object": {
    "1.0.7": {
      "path": "\\node_modules\\is-number-object",
      "cache": "\\is-number-object\\1.0.7"
    }
  },
  "is-string": {
    "1.0.7": {
      "path": "\\node_modules\\is-string",
      "cache": "\\is-string\\1.0.7"
    }
  },
  "which-typed-array": {
    "1.1.8": {
      "path": "\\node_modules\\which-typed-array",
      "cache": "\\which-typed-array\\1.1.8"
    }
  },
  "is-generator-function": {
    "1.0.10": {
      "path": "\\node_modules\\is-generator-function",
      "cache": "\\is-generator-function\\1.0.10"
    }
  },
  "xml2js": {
    "0.4.19": {
      "path": "\\node_modules\\xml2js",
      "cache": "\\xml2js\\0.4.19"
    }
  },
  "xmlbuilder": {
    "9.0.7": {
      "path": "\\node_modules\\xmlbuilder",
      "cache": "\\xmlbuilder\\9.0.7"
    }
  },
  "@aws-sdk/middleware-serde": {
    "3.197.0": {
      "path": "\\node_modules\\@aws-sdk\\middleware-serde",
      "cache": "\\@aws-sdk\\middleware-serde\\3.197.0"
    }
  },
  "@aws-sdk/middleware-signing": {
    "3.197.0": {
      "path": "\\node_modules\\@aws-sdk\\middleware-signing",
      "cache": "\\@aws-sdk\\middleware-signing\\3.197.0"
    }
  },
  "@aws-sdk/property-provider": {
    "3.197.0": {
      "path": "\\node_modules\\@aws-sdk\\property-provider",
      "cache": "\\@aws-sdk\\property-provider\\3.197.0"
    }
  },
  "@aws-sdk/signature-v4": {
    "3.197.0": {
      "path": "\\node_modules\\@aws-sdk\\signature-v4",
      "cache": "\\@aws-sdk\\signature-v4\\3.197.0"
    }
  },
  "@aws-sdk/util-hex-encoding": {
    "3.188.0": {
      "path": "\\node_modules\\@aws-sdk\\util-hex-encoding",
      "cache": "\\@aws-sdk\\util-hex-encoding\\3.188.0"
    }
  },
  "@aws-sdk/node-http-handler": {
    "3.197.0": {
      "path": "\\node_modules\\@aws-sdk\\node-http-handler",
      "cache": "\\@aws-sdk\\node-http-handler\\3.197.0"
    }
  },
  "@aws-sdk/abort-controller": {
    "3.197.0": {
      "path": "\\node_modules\\@aws-sdk\\abort-controller",
      "cache": "\\@aws-sdk\\abort-controller\\3.197.0"
    }
  },
  "@aws-crypto/sha256-browser": {
    "2.0.0": {
      "path": "\\node_modules\\@aws-crypto\\sha256-browser",
      "cache": "\\@aws-crypto\\sha256-browser\\2.0.0"
    }
  },
  "@aws-crypto/ie11-detection": {
    "2.0.2": {
      "path": "\\node_modules\\@aws-crypto\\ie11-detection",
      "cache": "\\@aws-crypto\\ie11-detection\\2.0.2"
    }
  },
  "@aws-crypto/sha256-js": {
    "2.0.2": {
      "path": "\\node_modules\\@aws-crypto\\sha256-js",
      "cache": "\\@aws-crypto\\sha256-js\\2.0.2"
    },
    "2.0.0": {
      "path": "\\node_modules\\@aws-sdk\\client-sso\\node_modules\\@aws-crypto\\sha256-js",
      "cache": "\\@aws-crypto\\sha256-js\\2.0.0"
    }
  },
  "@aws-crypto/util": {
    "2.0.2": {
      "path": "\\node_modules\\@aws-crypto\\util",
      "cache": "\\@aws-crypto\\util\\2.0.2"
    }
  },
  "@aws-sdk/util-utf8-browser": {
    "3.188.0": {
      "path": "\\node_modules\\@aws-sdk\\util-utf8-browser",
      "cache": "\\@aws-sdk\\util-utf8-browser\\3.188.0"
    }
  },
  "@aws-crypto/supports-web-crypto": {
    "2.0.2": {
      "path": "\\node_modules\\@aws-crypto\\supports-web-crypto",
      "cache": "\\@aws-crypto\\supports-web-crypto\\2.0.2"
    }
  },
  "@aws-sdk/util-locate-window": {
    "3.188.0": {
      "path": "\\node_modules\\@aws-sdk\\util-locate-window",
      "cache": "\\@aws-sdk\\util-locate-window\\3.188.0"
    }
  },
  "@aws-sdk/client-sts": {
    "3.197.0": {
      "path": "\\node_modules\\@aws-sdk\\client-sts",
      "cache": "\\@aws-sdk\\client-sts\\3.197.0"
    }
  },
  "@aws-sdk/middleware-sdk-sts": {
    "3.197.0": {
      "path": "\\node_modules\\@aws-sdk\\middleware-sdk-sts",
      "cache": "\\@aws-sdk\\middleware-sdk-sts\\3.197.0"
    }
  },
  "fast-xml-parser": {
    "4.0.11": {
      "path": "\\node_modules\\fast-xml-parser",
      "cache": "\\fast-xml-parser\\4.0.11"
    }
  },
  "serve-static": {
    "1.15.0": {
      "path": "\\node_modules\\serve-static",
      "cache": "\\serve-static\\1.15.0"
    }
  },
  "utils-merge": {
    "1.0.1": {
      "path": "\\node_modules\\utils-merge",
      "cache": "\\utils-merge\\1.0.1"
    }
  },
  "vary": {
    "1.1.2": {
      "path": "\\node_modules\\vary",
      "cache": "\\vary\\1.1.2"
    }
  },
  "ignore-by-default": {
    "1.0.1": {
      "path": "\\node_modules\\ignore-by-default",
      "cache": "\\ignore-by-default\\1.0.1"
    }
  },
  "pstree.remy": {
    "1.1.8": {
      "path": "\\node_modules\\pstree.remy",
      "cache": "\\pstree.remy\\1.1.8"
    }
  },
  "semver": {
    "5.7.1": {
      "path": "\\node_modules\\semver",
      "cache": "\\semver\\5.7.1"
    },
    "7.0.0": {
      "path": "\\node_modules\\simple-update-notifier\\node_modules\\semver",
      "cache": "\\semver\\7.0.0"
    }
  },
  "strnum": {
    "1.0.5": {
      "path": "\\node_modules\\strnum",
      "cache": "\\strnum\\1.0.5"
    }
  },
  "@aws-sdk/config-resolver": {
    "3.197.0": {
      "path": "\\node_modules\\@aws-sdk\\config-resolver",
      "cache": "\\@aws-sdk\\config-resolver\\3.197.0"
    }
  },
  "@aws-sdk/util-config-provider": {
    "3.188.0": {
      "path": "\\node_modules\\@aws-sdk\\util-config-provider",
      "cache": "\\@aws-sdk\\util-config-provider\\3.188.0"
    }
  },
  "@aws-sdk/credential-provider-node": {
    "3.197.0": {
      "path": "\\node_modules\\@aws-sdk\\credential-provider-node",
      "cache": "\\@aws-sdk\\credential-provider-node\\3.197.0"
    }
  },
  "@aws-sdk/credential-provider-env": {
    "3.197.0": {
      "path": "\\node_modules\\@aws-sdk\\credential-provider-env",
      "cache": "\\@aws-sdk\\credential-provider-env\\3.197.0"
    }
  },
  "@aws-sdk/credential-provider-imds": {
    "3.197.0": {
      "path": "\\node_modules\\@aws-sdk\\credential-provider-imds",
      "cache": "\\@aws-sdk\\credential-provider-imds\\3.197.0"
    }
  },
  "@aws-sdk/node-config-provider": {
    "3.197.0": {
      "path": "\\node_modules\\@aws-sdk\\node-config-provider",
      "cache": "\\@aws-sdk\\node-config-provider\\3.197.0"
    }
  },
  "@aws-sdk/shared-ini-file-loader": {
    "3.197.0": {
      "path": "\\node_modules\\@aws-sdk\\shared-ini-file-loader",
      "cache": "\\@aws-sdk\\shared-ini-file-loader\\3.197.0"
    }
  },
  "@aws-sdk/url-parser": {
    "3.197.0": {
      "path": "\\node_modules\\@aws-sdk\\url-parser",
      "cache": "\\@aws-sdk\\url-parser\\3.197.0"
    }
  },
  "@aws-sdk/querystring-parser": {
    "3.197.0": {
      "path": "\\node_modules\\@aws-sdk\\querystring-parser",
      "cache": "\\@aws-sdk\\querystring-parser\\3.197.0"
    }
  },
  "@aws-sdk/credential-provider-ini": {
    "3.197.0": {
      "path": "\\node_modules\\@aws-sdk\\credential-provider-ini",
      "cache": "\\@aws-sdk\\credential-provider-ini\\3.197.0"
    }
  },
  "@aws-sdk/credential-provider-sso": {
    "3.197.0": {
      "path": "\\node_modules\\@aws-sdk\\credential-provider-sso",
      "cache": "\\@aws-sdk\\credential-provider-sso\\3.197.0"
    }
  },
  "@aws-sdk/client-sso": {
    "3.197.0": {
      "path": "\\node_modules\\@aws-sdk\\client-sso",
      "cache": "\\@aws-sdk\\client-sso\\3.197.0"
    }
  },
  "@aws-sdk/invalid-dependency": {
    "3.197.0": {
      "path": "\\node_modules\\@aws-sdk\\invalid-dependency",
      "cache": "\\@aws-sdk\\invalid-dependency\\3.197.0"
    }
  },
  "@aws-sdk/middleware-content-length": {
    "3.197.0": {
      "path": "\\node_modules\\@aws-sdk\\middleware-content-length",
      "cache": "\\@aws-sdk\\middleware-content-length\\3.197.0"
    }
  },
  "@aws-sdk/middleware-endpoint": {
    "3.197.0": {
      "path": "\\node_modules\\@aws-sdk\\middleware-endpoint",
      "cache": "\\@aws-sdk\\middleware-endpoint\\3.197.0"
    }
  },
  "@aws-sdk/middleware-host-header": {
    "3.197.0": {
      "path": "\\node_modules\\@aws-sdk\\middleware-host-header",
      "cache": "\\@aws-sdk\\middleware-host-header\\3.197.0"
    }
  },
  "@aws-sdk/middleware-logger": {
    "3.197.0": {
      "path": "\\node_modules\\@aws-sdk\\middleware-logger",
      "cache": "\\@aws-sdk\\middleware-logger\\3.197.0"
    }
  },
  "@aws-sdk/middleware-recursion-detection": {
    "3.197.0": {
      "path": "\\node_modules\\@aws-sdk\\middleware-recursion-detection",
      "cache": "\\@aws-sdk\\middleware-recursion-detection\\3.197.0"
    }
  },
  "@aws-sdk/middleware-stack": {
    "3.197.0": {
      "path": "\\node_modules\\@aws-sdk\\middleware-stack",
      "cache": "\\@aws-sdk\\middleware-stack\\3.197.0"
    }
  },
  "@aws-sdk/middleware-user-agent": {
    "3.197.0": {
      "path": "\\node_modules\\@aws-sdk\\middleware-user-agent",
      "cache": "\\@aws-sdk\\middleware-user-agent\\3.197.0"
    }
  },
  "@aws-sdk/smithy-client": {
    "3.197.0": {
      "path": "\\node_modules\\@aws-sdk\\smithy-client",
      "cache": "\\@aws-sdk\\smithy-client\\3.197.0"
    }
  },
  "@aws-sdk/util-base64-node": {
    "3.188.0": {
      "path": "\\node_modules\\@aws-sdk\\util-base64-node",
      "cache": "\\@aws-sdk\\util-base64-node\\3.188.0"
    }
  },
  "@aws-sdk/util-body-length-browser": {
    "3.188.0": {
      "path": "\\node_modules\\@aws-sdk\\util-body-length-browser",
      "cache": "\\@aws-sdk\\util-body-length-browser\\3.188.0"
    }
  },
  "@aws-sdk/util-body-length-node": {
    "3.188.0": {
      "path": "\\node_modules\\@aws-sdk\\util-body-length-node",
      "cache": "\\@aws-sdk\\util-body-length-node\\3.188.0"
    }
  },
  "@aws-sdk/util-defaults-mode-browser": {
    "3.197.0": {
      "path": "\\node_modules\\@aws-sdk\\util-defaults-mode-browser",
      "cache": "\\@aws-sdk\\util-defaults-mode-browser\\3.197.0"
    }
  },
  "bowser": {
    "2.11.0": {
      "path": "\\node_modules\\bowser",
      "cache": "\\bowser\\2.11.0"
    }
  },
  "@aws-sdk/util-defaults-mode-node": {
    "3.197.0": {
      "path": "\\node_modules\\@aws-sdk\\util-defaults-mode-node",
      "cache": "\\@aws-sdk\\util-defaults-mode-node\\3.197.0"
    }
  },
  "@aws-sdk/util-endpoints": {
    "3.197.0": {
      "path": "\\node_modules\\@aws-sdk\\util-endpoints",
      "cache": "\\@aws-sdk\\util-endpoints\\3.197.0"
    }
  },
  "@aws-sdk/util-user-agent-browser": {
    "3.197.0": {
      "path": "\\node_modules\\@aws-sdk\\util-user-agent-browser",
      "cache": "\\@aws-sdk\\util-user-agent-browser\\3.197.0"
    }
  },
  "@aws-sdk/util-user-agent-node": {
    "3.197.0": {
      "path": "\\node_modules\\@aws-sdk\\util-user-agent-node",
      "cache": "\\@aws-sdk\\util-user-agent-node\\3.197.0"
    }
  },
  "@aws-sdk/util-utf8-node": {
    "3.188.0": {
      "path": "\\node_modules\\@aws-sdk\\util-utf8-node",
      "cache": "\\@aws-sdk\\util-utf8-node\\3.188.0"
    }
  },
  "@aws-sdk/credential-provider-web-identity": {
    "3.197.0": {
      "path": "\\node_modules\\@aws-sdk\\credential-provider-web-identity",
      "cache": "\\@aws-sdk\\credential-provider-web-identity\\3.197.0"
    }
  },
  "@aws-sdk/credential-provider-process": {
    "3.197.0": {
      "path": "\\node_modules\\@aws-sdk\\credential-provider-process",
      "cache": "\\@aws-sdk\\credential-provider-process\\3.197.0"
    }
  },
  "@aws-sdk/credential-provider-cognito-identity": {
    "3.197.0": {
      "path": "\\node_modules\\@aws-sdk\\credential-provider-cognito-identity",
      "cache": "\\@aws-sdk\\credential-provider-cognito-identity\\3.197.0"
    }
  },
  "saslprep": {
    "1.0.3": {
      "path": "\\node_modules\\saslprep",
      "cache": "\\saslprep\\1.0.3"
    }
  },
  "sparse-bitfield": {
    "3.0.3": {
      "path": "\\node_modules\\sparse-bitfield",
      "cache": "\\sparse-bitfield\\3.0.3"
    }
  },
  "memory-pager": {
    "1.5.0": {
      "path": "\\node_modules\\memory-pager",
      "cache": "\\memory-pager\\1.5.0"
    }
  },
  "mpath": {
    "0.9.0": {
      "path": "\\node_modules\\mpath",
      "cache": "\\mpath\\0.9.0"
    }
  },
  "mquery": {
    "4.0.3": {
      "path": "\\node_modules\\mquery",
      "cache": "\\mquery\\4.0.3"
    }
  },
  "sift": {
    "16.0.0": {
      "path": "\\node_modules\\sift",
      "cache": "\\sift\\16.0.0"
    }
  },
  "simple-update-notifier": {
    "1.0.7": {
      "path": "\\node_modules\\simple-update-notifier",
      "cache": "\\simple-update-notifier\\1.0.7"
    }
  },
  "touch": {
    "3.1.0": {
      "path": "\\node_modules\\touch",
      "cache": "\\touch\\3.1.0"
    }
  },
  "nopt": {
    "1.0.10": {
      "path": "\\node_modules\\nopt",
      "cache": "\\nopt\\1.0.10"
    }
  },
  "abbrev": {
    "1.1.1": {
      "path": "\\node_modules\\abbrev",
      "cache": "\\abbrev\\1.1.1"
    }
  },
  "undefsafe": {
    "2.0.5": {
      "path": "\\node_modules\\undefsafe",
      "cache": "\\undefsafe\\2.0.5"
    }
  },
  "chokidar": {
    "3.5.3": {
      "path": "\\node_modules\\chokidar",
      "cache": "\\chokidar\\3.5.3"
    }
  },
  "anymatch": {
    "3.1.2": {
      "path": "\\node_modules\\anymatch",
      "cache": "\\anymatch\\3.1.2"
    }
  },
  "picomatch": {
    "2.3.1": {
      "path": "\\node_modules\\picomatch",
      "cache": "\\picomatch\\2.3.1"
    }
  },
  "normalize-path": {
    "3.0.0": {
      "path": "\\node_modules\\normalize-path",
      "cache": "\\normalize-path\\3.0.0"
    }
  },
  "braces": {
    "3.0.2": {
      "path": "\\node_modules\\braces",
      "cache": "\\braces\\3.0.2"
    }
  },
  "fill-range": {
    "7.0.1": {
      "path": "\\node_modules\\fill-range",
      "cache": "\\fill-range\\7.0.1"
    }
  },
  "to-regex-range": {
    "5.0.1": {
      "path": "\\node_modules\\to-regex-range",
      "cache": "\\to-regex-range\\5.0.1"
    }
  },
  "is-number": {
    "7.0.0": {
      "path": "\\node_modules\\is-number",
      "cache": "\\is-number\\7.0.0"
    }
  },
  "glob-parent": {
    "5.1.2": {
      "path": "\\node_modules\\glob-parent",
      "cache": "\\glob-parent\\5.1.2"
    }
  },
  "is-glob": {
    "4.0.3": {
      "path": "\\node_modules\\is-glob",
      "cache": "\\is-glob\\4.0.3"
    }
  },
  "is-extglob": {
    "2.1.1": {
      "path": "\\node_modules\\is-extglob",
      "cache": "\\is-extglob\\2.1.1"
    }
  },
  "is-binary-path": {
    "2.1.0": {
      "path": "\\node_modules\\is-binary-path",
      "cache": "\\is-binary-path\\2.1.0"
    }
  },
  "binary-extensions": {
    "2.2.0": {
      "path": "\\node_modules\\binary-extensions",
      "cache": "\\binary-extensions\\2.2.0"
    }
  },
  "readdirp": {
    "3.6.0": {
      "path": "\\node_modules\\readdirp",
      "cache": "\\readdirp\\3.6.0"
    }
  },
  "fsevents": {
    "2.3.2": {
      "path": "\\node_modules\\fsevents",
      "cache": "\\fsevents\\2.3.2"
    }
  },
  "minimatch": {
    "3.1.2": {
      "path": "\\node_modules\\minimatch",
      "cache": "\\minimatch\\3.1.2"
    }
  },
  "brace-expansion": {
    "1.1.11": {
      "path": "\\node_modules\\brace-expansion",
      "cache": "\\brace-expansion\\1.1.11"
    }
  },
  "balanced-match": {
    "1.0.2": {
      "path": "\\node_modules\\balanced-match",
      "cache": "\\balanced-match\\1.0.2"
    }
  },
  "concat-map": {
    "0.0.1": {
      "path": "\\node_modules\\concat-map",
      "cache": "\\concat-map\\0.0.1"
    }
  },
  "supports-color": {
    "5.5.0": {
      "path": "\\node_modules\\supports-color",
      "cache": "\\supports-color\\5.5.0"
    }
  },
  "has-flag": {
    "3.0.0": {
      "path": "\\node_modules\\has-flag",
      "cache": "\\has-flag\\3.0.0"
    }
  },
  "dotenv": {
    "16.0.3": {
      "path": "\\node_modules\\dotenv",
      "cache": "\\dotenv\\16.0.3"
    }
  },
  "@types/webidl-conversions": {
    "7.0.0": {
      "path": "\\node_modules\\@types\\webidl-conversions",
      "cache": "\\@types\\webidl-conversions\\7.0.0"
    }
  },
  "@types/node": {
    "18.11.8": {
      "path": "\\node_modules\\@types\\node",
      "cache": "\\@types\\node\\18.11.8"
    }
  }
}